
Microsoft Visual Studio Solution File, Format Version 12.00
Project("{FAE04EC0-301F-11D3-BF4B-00C04F79EFBC}") = "MyTest", "MyTest.csproj", "{255E8F2C-37BC-4C90-AD6F-E686F19366C3}"
EndProject
Global
	GlobalSection(SolutionConfigurationPlatforms) = preSolution
		Debug|Any CPU = Debug|Any CPU
		Release|Any CPU = Release|Any CPU
	EndGlobalSection
	GlobalSection(ProjectConfigurationPlatforms) = postSolution
		{255E8F2C-37BC-4C90-AD6F-E686F19366C3}.Debug|Any CPU.ActiveCfg = Debug|Any CPU
		{255E8F2C-37BC-4C90-AD6F-E686F19366C3}.Debug|Any CPU.Build.0 = Debug|Any CPU
		{255E8F2C-37BC-4C90-AD6F-E686F19366C3}.Release|Any CPU.ActiveCfg = Release|Any CPU
		{255E8F2C-37BC-4C90-AD6F-E686F19366C3}.Release|Any CPU.Build.0 = Release|Any CPU
	EndGlobalSection
EndGlobal
